<Solution>
  <Folder Name="/src/">
    <Project Path="src/FCG.API/FCG.API.csproj" />
    <Project Path="src/FCG.Application/FCG.Application.csproj" />
    <Project Path="src/FCG.Domain/FCG.Domain.csproj" />
    <Project Path="src/FCG.Infrastructure/FCG.Infrastructure.csproj" />
  </Folder>
  <Folder Name="/tests/">
    <Project Path="tests/FCG.Tests.Integration/FCG.Tests.Integration.csproj" />
    <Project Path="tests/FCG.Tests.Unit/FCG.Tests.Unit.csproj" />
  </Folder>
</Solution>
